// !$*UTF8*$!
{
	archiveVersion = 1;
	classes = {
	};
	objectVersion = 50;
	objects = {

/* Begin PBXBuildFile section */
		F1499BE526F6332D00442413 /* AppDelegate.swift in Sources */ = {isa = PBXBuildFile; fileRef = F1499BE426F6332D00442413 /* AppDelegate.swift */; };
		F1499BE726F6332D00442413 /* SceneDelegate.swift in Sources */ = {isa = PBXBuildFile; fileRef = F1499BE626F6332D00442413 /* SceneDelegate.swift */; };
		F1499BEB26F6333000442413 /* Assets.xcassets in Resources */ = {isa = PBXBuildFile; fileRef = F1499BEA26F6333000442413 /* Assets.xcassets */; };
		F1499BEE26F6333000442413 /* Preview Assets.xcassets in Resources */ = {isa = PBXBuildFile; fileRef = F1499BED26F6333000442413 /* Preview Assets.xcassets */; };
		F1499BF126F6333000442413 /* LaunchScreen.storyboard in Resources */ = {isa = PBXBuildFile; fileRef = F1499BEF26F6333000442413 /* LaunchScreen.storyboard */; };
		F1499BF926F6334B00442413 /* BoardingScreenInformation.swift in Sources */ = {isa = PBXBuildFile; fileRef = F1499BF826F6334B00442413 /* BoardingScreenInformation.swift */; };
		F1499BFC26F6377D00442413 /* OnBoarding.swift in Sources */ = {isa = PBXBuildFile; fileRef = F1499BFB26F6377D00442413 /* OnBoarding.swift */; };
		F1499BFF26F6383F00442413 /* OffsetPageTabView.swift in Sources */ = {isa = PBXBuildFile; fileRef = F1499BFE26F6383F00442413 /* OffsetPageTabView.swift */; };
		F16585E326F8B3E000F2F96A /* View+Extension.swift in Sources */ = {isa = PBXBuildFile; fileRef = F16585E226F8B3E000F2F96A /* View+Extension.swift */; };
		F16585E526F8B51700F2F96A /* OnBoardingModelView.swift in Sources */ = {isa = PBXBuildFile; fileRef = F16585E426F8B51700F2F96A /* OnBoardingModelView.swift */; };
		F16585E726F8E81800F2F96A /* README.md in Resources */ = {isa = PBXBuildFile; fileRef = F16585E626F8E81800F2F96A /* README.md */; };
		F16585EA26F8EC3600F2F96A /* ViewFactory.swift in Sources */ = {isa = PBXBuildFile; fileRef = F16585E926F8EC3500F2F96A /* ViewFactory.swift */; };
		F16585ED26F8FBF800F2F96A /* PageControlCircles.swift in Sources */ = {isa = PBXBuildFile; fileRef = F16585EC26F8FBF800F2F96A /* PageControlCircles.swift */; };
		F16585EF26F8FD3300F2F96A /* PageControlCirclesViewModel.swift in Sources */ = {isa = PBXBuildFile; fileRef = F16585EE26F8FD3300F2F96A /* PageControlCirclesViewModel.swift */; };
		F16585F126F9085F00F2F96A /* Buttons.swift in Sources */ = {isa = PBXBuildFile; fileRef = F16585F026F9085F00F2F96A /* Buttons.swift */; };
		F165AD6A26FB65FC005A6134 /* UIColor+Extension.swift in Sources */ = {isa = PBXBuildFile; fileRef = F165AD6926FB65FC005A6134 /* UIColor+Extension.swift */; };
/* End PBXBuildFile section */

/* Begin PBXFileReference section */
		F1499BE126F6332D00442413 /* onboarding.app */ = {isa = PBXFileReference; explicitFileType = wrapper.application; includeInIndex = 0; path = onboarding.app; sourceTree = BUILT_PRODUCTS_DIR; };
		F1499BE426F6332D00442413 /* AppDelegate.swift */ = {isa = PBXFileReference; lastKnownFileType = sourcecode.swift; path = AppDelegate.swift; sourceTree = "<group>"; };
		F1499BE626F6332D00442413 /* SceneDelegate.swift */ = {isa = PBXFileReference; lastKnownFileType = sourcecode.swift; path = SceneDelegate.swift; sourceTree = "<group>"; };
		F1499BEA26F6333000442413 /* Assets.xcassets */ = {isa = PBXFileReference; lastKnownFileType = folder.assetcatalog; path = Assets.xcassets; sourceTree = "<group>"; };
		F1499BED26F6333000442413 /* Preview Assets.xcassets */ = {isa = PBXFileReference; lastKnownFileType = folder.assetcatalog; path = "Preview Assets.xcassets"; sourceTree = "<group>"; };
		F1499BF026F6333000442413 /* Base */ = {isa = PBXFileReference; lastKnownFileType = file.storyboard; name = Base; path = Base.lproj/LaunchScreen.storyboard; sourceTree = "<group>"; };
		F1499BF226F6333000442413 /* Info.plist */ = {isa = PBXFileReference; lastKnownFileType = text.plist.xml; path = Info.plist; sourceTree = "<group>"; };
		F1499BF826F6334B00442413 /* BoardingScreenInformation.swift */ = {isa = PBXFileReference; lastKnownFileType = sourcecode.swift; path = BoardingScreenInformation.swift; sourceTree = "<group>"; };
		F1499BFB26F6377D00442413 /* OnBoarding.swift */ = {isa = PBXFileReference; lastKnownFileType = sourcecode.swift; path = OnBoarding.swift; sourceTree = "<group>"; };
		F1499BFE26F6383F00442413 /* OffsetPageTabView.swift */ = {isa = PBXFileReference; lastKnownFileType = sourcecode.swift; path = OffsetPageTabView.swift; sourceTree = "<group>"; };
		F16585E226F8B3E000F2F96A /* View+Extension.swift */ = {isa = PBXFileReference; lastKnownFileType = sourcecode.swift; path = "View+Extension.swift"; sourceTree = "<group>"; };
		F16585E426F8B51700F2F96A /* OnBoardingModelView.swift */ = {isa = PBXFileReference; lastKnownFileType = sourcecode.swift; path = OnBoardingModelView.swift; sourceTree = "<group>"; };
		F16585E626F8E81800F2F96A /* README.md */ = {isa = PBXFileReference; fileEncoding = 4; lastKnownFileType = net.daringfireball.markdown; path = README.md; sourceTree = "<group>"; };
		F16585E926F8EC3500F2F96A /* ViewFactory.swift */ = {isa = PBXFileReference; lastKnownFileType = sourcecode.swift; path = ViewFactory.swift; sourceTree = "<group>"; };
		F16585EC26F8FBF800F2F96A /* PageControlCircles.swift */ = {isa = PBXFileReference; lastKnownFileType = sourcecode.swift; path = PageControlCircles.swift; sourceTree = "<group>"; };
		F16585EE26F8FD3300F2F96A /* PageControlCirclesViewModel.swift */ = {isa = PBXFileReference; lastKnownFileType = sourcecode.swift; path = PageControlCirclesViewModel.swift; sourceTree = "<group>"; };
		F16585F026F9085F00F2F96A /* Buttons.swift */ = {isa = PBXFileReference; lastKnownFileType = sourcecode.swift; path = Buttons.swift; sourceTree = "<group>"; };
		F165AD6926FB65FC005A6134 /* UIColor+Extension.swift */ = {isa = PBXFileReference; lastKnownFileType = sourcecode.swift; path = "UIColor+Extension.swift"; sourceTree = "<group>"; };
/* End PBXFileReference section */

/* Begin PBXFrameworksBuildPhase section */
		F1499BDE26F6332D00442413 /* Frameworks */ = {
			isa = PBXFrameworksBuildPhase;
			buildActionMask = 2147483647;
			files = (
			);
			runOnlyForDeploymentPostprocessing = 0;
		};
/* End PBXFrameworksBuildPhase section */

/* Begin PBXGroup section */
		F1499BD826F6332D00442413 = {
			isa = PBXGroup;
			children = (
				F16585E626F8E81800F2F96A /* README.md */,
				F1499BE326F6332D00442413 /* onboarding */,
				F1499BE226F6332D00442413 /* Products */,
			);
			sourceTree = "<group>";
		};
		F1499BE226F6332D00442413 /* Products */ = {
			isa = PBXGroup;
			children = (
				F1499BE126F6332D00442413 /* onboarding.app */,
			);
			name = Products;
			sourceTree = "<group>";
		};
		F1499BE326F6332D00442413 /* onboarding */ = {
			isa = PBXGroup;
			children = (
				F1499BE426F6332D00442413 /* AppDelegate.swift */,
				F1499BE626F6332D00442413 /* SceneDelegate.swift */,
				F1499BEA26F6333000442413 /* Assets.xcassets */,
				F1499BEF26F6333000442413 /* LaunchScreen.storyboard */,
				F1499BF226F6333000442413 /* Info.plist */,
				F1499BEC26F6333000442413 /* Preview Content */,
				F1499BFA26F6376300442413 /* Model */,
				F1499BFD26F6382900442413 /* View */,
				F16585EB26F8FBD900F2F96A /* ReusableViews */,
				F16585E826F8EC2600F2F96A /* Utils */,
			);
			path = onboarding;
			sourceTree = "<group>";
		};
		F1499BEC26F6333000442413 /* Preview Content */ = {
			isa = PBXGroup;
			children = (
				F1499BED26F6333000442413 /* Preview Assets.xcassets */,
			);
			path = "Preview Content";
			sourceTree = "<group>";
		};
		F1499BFA26F6376300442413 /* Model */ = {
			isa = PBXGroup;
			children = (
				F1499BF826F6334B00442413 /* BoardingScreenInformation.swift */,
			);
			path = Model;
			sourceTree = "<group>";
		};
		F1499BFD26F6382900442413 /* View */ = {
			isa = PBXGroup;
			children = (
				F1499BFB26F6377D00442413 /* OnBoarding.swift */,
				F16585E426F8B51700F2F96A /* OnBoardingModelView.swift */,
			);
			path = View;
			sourceTree = "<group>";
		};
		F16585E826F8EC2600F2F96A /* Utils */ = {
			isa = PBXGroup;
			children = (
				F16585E226F8B3E000F2F96A /* View+Extension.swift */,
				F16585E926F8EC3500F2F96A /* ViewFactory.swift */,
				F165AD6926FB65FC005A6134 /* UIColor+Extension.swift */,
			);
			path = Utils;
			sourceTree = "<group>";
		};
		F16585EB26F8FBD900F2F96A /* ReusableViews */ = {
			isa = PBXGroup;
			children = (
				F1499BFE26F6383F00442413 /* OffsetPageTabView.swift */,
				F16585EC26F8FBF800F2F96A /* PageControlCircles.swift */,
				F16585EE26F8FD3300F2F96A /* PageControlCirclesViewModel.swift */,
				F16585F026F9085F00F2F96A /* Buttons.swift */,
			);
			path = ReusableViews;
			sourceTree = "<group>";
		};
/* End PBXGroup section */

/* Begin PBXNativeTarget section */
		F1499BE026F6332D00442413 /* onboarding */ = {
			isa = PBXNativeTarget;
			buildConfigurationList = F1499BF526F6333000442413 /* Build configuration list for PBXNativeTarget "onboarding" */;
			buildPhases = (
				F1499BDD26F6332D00442413 /* Sources */,
				F1499BDE26F6332D00442413 /* Frameworks */,
				F1499BDF26F6332D00442413 /* Resources */,
			);
			buildRules = (
			);
			dependencies = (
			);
			name = onboarding;
			productName = onboarding;
			productReference = F1499BE126F6332D00442413 /* onboarding.app */;
			productType = "com.apple.product-type.application";
		};
/* End PBXNativeTarget section */

/* Begin PBXProject section */
		F1499BD926F6332D00442413 /* Project object */ = {
			isa = PBXProject;
			attributes = {
				LastSwiftUpdateCheck = 1250;
				LastUpgradeCheck = 1250;
				TargetAttributes = {
					F1499BE026F6332D00442413 = {
						CreatedOnToolsVersion = 12.5;
					};
				};
			};
			buildConfigurationList = F1499BDC26F6332D00442413 /* Build configuration list for PBXProject "onboarding" */;
			compatibilityVersion = "Xcode 9.3";
			developmentRegion = en;
			hasScannedForEncodings = 0;
			knownRegions = (
				en,
				Base,
			);
			mainGroup = F1499BD826F6332D00442413;
			productRefGroup = F1499BE226F6332D00442413 /* Products */;
			projectDirPath = "";
			projectRoot = "";
			targets = (
				F1499BE026F6332D00442413 /* onboarding */,
			);
		};
/* End PBXProject section */

/* Begin PBXResourcesBuildPhase section */
		F1499BDF26F6332D00442413 /* Resources */ = {
			isa = PBXResourcesBuildPhase;
			buildActionMask = 2147483647;
			files = (
				F1499BF126F6333000442413 /* LaunchScreen.storyboard in Resources */,
				F1499BEE26F6333000442413 /* Preview Assets.xcassets in Resources */,
				F16585E726F8E81800F2F96A /* README.md in Resources */,
				F1499BEB26F6333000442413 /* Assets.xcassets in Resources */,
			);
			runOnlyForDeploymentPostprocessing = 0;
		};
/* End PBXResourcesBuildPhase section */

/* Begin PBXSourcesBuildPhase section */
		F1499BDD26F6332D00442413 /* Sources */ = {
			isa = PBXSourcesBuildPhase;
			buildActionMask = 2147483647;
			files = (
				F1499BFF26F6383F00442413 /* OffsetPageTabView.swift in Sources */,
				F1499BE526F6332D00442413 /* AppDelegate.swift in Sources */,
				F1499BF926F6334B00442413 /* BoardingScreenInformation.swift in Sources */,
				F16585F126F9085F00F2F96A /* Buttons.swift in Sources */,
				F16585ED26F8FBF800F2F96A /* PageControlCircles.swift in Sources */,
				F16585E526F8B51700F2F96A /* OnBoardingModelView.swift in Sources */,
				F16585EF26F8FD3300F2F96A /* PageControlCirclesViewModel.swift in Sources */,
				F1499BE726F6332D00442413 /* SceneDelegate.swift in Sources */,
				F16585E326F8B3E000F2F96A /* View+Extension.swift in Sources */,
				F1499BFC26F6377D00442413 /* OnBoarding.swift in Sources */,
				F16585EA26F8EC3600F2F96A /* ViewFactory.swift in Sources */,
				F165AD6A26FB65FC005A6134 /* UIColor+Extension.swift in Sources */,
			);
			runOnlyForDeploymentPostprocessing = 0;
		};
/* End PBXSourcesBuildPhase section */

/* Begin PBXVariantGroup section */
		F1499BEF26F6333000442413 /* LaunchScreen.storyboard */ = {
			isa = PBXVariantGroup;
			children = (
				F1499BF026F6333000442413 /* Base */,
			);
			name = LaunchScreen.storyboard;
			sourceTree = "<group>";
		};
/* End PBXVariantGroup section */

/* Begin XCBuildConfiguration section */
		F1499BF326F6333000442413 /* Debug */ = {
			isa = XCBuildConfiguration;
			buildSettings = {
				ALWAYS_SEARCH_USER_PATHS = NO;
				CLANG_ANALYZER_NONNULL = YES;
				CLANG_ANALYZER_NUMBER_OBJECT_CONVERSION = YES_AGGRESSIVE;
				CLANG_CXX_LANGUAGE_STANDARD = "gnu++14";
				CLANG_CXX_LIBRARY = "libc++";
				CLANG_ENABLE_MODULES = YES;
				CLANG_ENABLE_OBJC_ARC = YES;
				CLANG_ENABLE_OBJC_WEAK = YES;
				CLANG_WARN_BLOCK_CAPTURE_AUTORELEASING = YES;
				CLANG_WARN_BOOL_CONVERSION = YES;
				CLANG_WARN_COMMA = YES;
				CLANG_WARN_CONSTANT_CONVERSION = YES;
				CLANG_WARN_DEPRECATED_OBJC_IMPLEMENTATIONS = YES;
				CLANG_WARN_DIRECT_OBJC_ISA_USAGE = YES_ERROR;
				CLANG_WARN_DOCUMENTATION_COMMENTS = YES;
				CLANG_WARN_EMPTY_BODY = YES;
				CLANG_WARN_ENUM_CONVERSION = YES;
				CLANG_WARN_INFINITE_RECURSION = YES;
				CLANG_WARN_INT_CONVERSION = YES;
				CLANG_WARN_NON_LITERAL_NULL_CONVERSION = YES;
				CLANG_WARN_OBJC_IMPLICIT_RETAIN_SELF = YES;
				CLANG_WARN_OBJC_LITERAL_CONVERSION = YES;
				CLANG_WARN_OBJC_ROOT_CLASS = YES_ERROR;
				CLANG_WARN_QUOTED_INCLUDE_IN_FRAMEWORK_HEADER = YES;
				CLANG_WARN_RANGE_LOOP_ANALYSIS = YES;
				CLANG_WARN_STRICT_PROTOTYPES = YES;
				CLANG_WARN_SUSPICIOUS_MOVE = YES;
				CLANG_WARN_UNGUARDED_AVAILABILITY = YES_AGGRESSIVE;
				CLANG_WARN_UNREACHABLE_CODE = YES;
				CLANG_WARN__DUPLICATE_METHOD_MATCH = YES;
				COPY_PHASE_STRIP = NO;
				DEBUG_INFORMATION_FORMAT = dwarf;
				ENABLE_STRICT_OBJC_MSGSEND = YES;
				ENABLE_TESTABILITY = YES;
				GCC_C_LANGUAGE_STANDARD = gnu11;
				GCC_DYNAMIC_NO_PIC = NO;
				GCC_NO_COMMON_BLOCKS = YES;
				GCC_OPTIMIZATION_LEVEL = 0;
				GCC_PREPROCESSOR_DEFINITIONS = (
					"DEBUG=1",
					"$(inherited)",
				);
				GCC_WARN_64_TO_32_BIT_CONVERSION = YES;
				GCC_WARN_ABOUT_RETURN_TYPE = YES_ERROR;
				GCC_WARN_UNDECLARED_SELECTOR = YES;
				GCC_WARN_UNINITIALIZED_AUTOS = YES_AGGRESSIVE;
				GCC_WARN_UNUSED_FUNCTION = YES;
				GCC_WARN_UNUSED_VARIABLE = YES;
				IPHONEOS_DEPLOYMENT_TARGET = 14.5;
				MTL_ENABLE_DEBUG_INFO = INCLUDE_SOURCE;
				MTL_FAST_MATH = YES;
				ONLY_ACTIVE_ARCH = YES;
				SDKROOT = iphoneos;
				SWIFT_ACTIVE_COMPILATION_CONDITIONS = DEBUG;
				SWIFT_OPTIMIZATION_LEVEL = "-Onone";
			};
			name = Debug;
		};
		F1499BF426F6333000442413 /* Release */ = {
			isa = XCBuildConfiguration;
			buildSettings = {
				ALWAYS_SEARCH_USER_PATHS = NO;
				CLANG_ANALYZER_NONNULL = YES;
				CLANG_ANALYZER_NUMBER_OBJECT_CONVERSION = YES_AGGRESSIVE;
				CLANG_CXX_LANGUAGE_STANDARD = "gnu++14";
				CLANG_CXX_LIBRARY = "libc++";
				CLANG_ENABLE_MODULES = YES;
				CLANG_ENABLE_OBJC_ARC = YES;
				CLANG_ENABLE_OBJC_WEAK = YES;
				CLANG_WARN_BLOCK_CAPTURE_AUTORELEASING = YES;
				CLANG_WARN_BOOL_CONVERSION = YES;
				CLANG_WARN_COMMA = YES;
				CLANG_WARN_CONSTANT_CONVERSION = YES;
				CLANG_WARN_DEPRECATED_OBJC_IMPLEMENTATIONS = YES;
				CLANG_WARN_DIRECT_OBJC_ISA_USAGE = YES_ERROR;
				CLANG_WARN_DOCUMENTATION_COMMENTS = YES;
				CLANG_WARN_EMPTY_BODY = YES;
				CLANG_WARN_ENUM_CONVERSION = YES;
				CLANG_WARN_INFINITE_RECURSION = YES;
				CLANG_WARN_INT_CONVERSION = YES;
				CLANG_WARN_NON_LITERAL_NULL_CONVERSION = YES;
				CLANG_WARN_OBJC_IMPLICIT_RETAIN_SELF = YES;
				CLANG_WARN_OBJC_LITERAL_CONVERSION = YES;
				CLANG_WARN_OBJC_ROOT_CLASS = YES_ERROR;
				CLANG_WARN_QUOTED_INCLUDE_IN_FRAMEWORK_HEADER = YES;
				CLANG_WARN_RANGE_LOOP_ANALYSIS = YES;
				CLANG_WARN_STRICT_PROTOTYPES = YES;
				CLANG_WARN_SUSPICIOUS_MOVE = YES;
				CLANG_WARN_UNGUARDED_AVAILABILITY = YES_AGGRESSIVE;
				CLANG_WARN_UNREACHABLE_CODE = YES;
				CLANG_WARN__DUPLICATE_METHOD_MATCH = YES;
				COPY_PHASE_STRIP = NO;
				DEBUG_INFORMATION_FORMAT = "dwarf-with-dsym";
				ENABLE_NS_ASSERTIONS = NO;
				ENABLE_STRICT_OBJC_MSGSEND = YES;
				GCC_C_LANGUAGE_STANDARD = gnu11;
				GCC_NO_COMMON_BLOCKS = YES;
				GCC_WARN_64_TO_32_BIT_CONVERSION = YES;
				GCC_WARN_ABOUT_RETURN_TYPE = YES_ERROR;
				GCC_WARN_UNDECLARED_SELECTOR = YES;
				GCC_WARN_UNINITIALIZED_AUTOS = YES_AGGRESSIVE;
				GCC_WARN_UNUSED_FUNCTION = YES;
				GCC_WARN_UNUSED_VARIABLE = YES;
				IPHONEOS_DEPLOYMENT_TARGET = 14.5;
				MTL_ENABLE_DEBUG_INFO = NO;
				MTL_FAST_MATH = YES;
				SDKROOT = iphoneos;
				SWIFT_COMPILATION_MODE = wholemodule;
				SWIFT_OPTIMIZATION_LEVEL = "-O";
				VALIDATE_PRODUCT = YES;
			};
			name = Release;
		};
		F1499BF626F6333000442413 /* Debug */ = {
			isa = XCBuildConfiguration;
			buildSettings = {
				ASSETCATALOG_COMPILER_APPICON_NAME = AppIcon;
				ASSETCATALOG_COMPILER_GLOBAL_ACCENT_COLOR_NAME = AccentColor;
				CODE_SIGN_STYLE = Automatic;
				DEVELOPMENT_ASSET_PATHS = "\"onboarding/Preview Content\"";
				DEVELOPMENT_TEAM = 6JXQ48TPFG;
				ENABLE_PREVIEWS = YES;
				INFOPLIST_FILE = onboarding/Info.plist;
				LD_RUNPATH_SEARCH_PATHS = (
					"$(inherited)",
					"@executable_path/Frameworks",
				);
				PRODUCT_BUNDLE_IDENTIFIER = com.test;
				PRODUCT_NAME = "$(TARGET_NAME)";
				SWIFT_VERSION = 5.0;
				TARGETED_DEVICE_FAMILY = 1;
			};
			name = Debug;
		};
		F1499BF726F6333000442413 /* Release */ = {
			isa = XCBuildConfiguration;
			buildSettings = {
				ASSETCATALOG_COMPILER_APPICON_NAME = AppIcon;
				ASSETCATALOG_COMPILER_GLOBAL_ACCENT_COLOR_NAME = AccentColor;
				CODE_SIGN_STYLE = Automatic;
				DEVELOPMENT_ASSET_PATHS = "\"onboarding/Preview Content\"";
				DEVELOPMENT_TEAM = 6JXQ48TPFG;
				ENABLE_PREVIEWS = YES;
				INFOPLIST_FILE = onboarding/Info.plist;
				LD_RUNPATH_SEARCH_PATHS = (
					"$(inherited)",
					"@executable_path/Frameworks",
				);
				PRODUCT_BUNDLE_IDENTIFIER = com.test;
				PRODUCT_NAME = "$(TARGET_NAME)";
				SWIFT_VERSION = 5.0;
				TARGETED_DEVICE_FAMILY = 1;
			};
			name = Release;
		};
/* End XCBuildConfiguration section */

/* Begin XCConfigurationList section */
		F1499BDC26F6332D00442413 /* Build configuration list for PBXProject "onboarding" */ = {
			isa = XCConfigurationList;
			buildConfigurations = (
				F1499BF326F6333000442413 /* Debug */,
				F1499BF426F6333000442413 /* Release */,
			);
			defaultConfigurationIsVisible = 0;
			defaultConfigurationName = Release;
		};
		F1499BF526F6333000442413 /* Build configuration list for PBXNativeTarget "onboarding" */ = {
			isa = XCConfigurationList;
			buildConfigurations = (
				F1499BF626F6333000442413 /* Debug */,
				F1499BF726F6333000442413 /* Release */,
			);
			defaultConfigurationIsVisible = 0;
			defaultConfigurationName = Release;
		};
/* End XCConfigurationList section */
	};
	rootObject = F1499BD926F6332D00442413 /* Project object */;
}
